// !$*UTF8*$!
{
	archiveVersion = 1;
	classes = {
	};
	objectVersion = 46;
	objects = {

/* Begin PBXBuildFile section */
		BA61DDE51365F1BC0092CBE9 /* iCodeStockBackground.png in Resources */ = {isa = PBXBuildFile; fileRef = BA61DDE41365F1BC0092CBE9 /* iCodeStockBackground.png */; };
		BA65254F1357F02E00CC22E5 /* SessionsParser.m in Sources */ = {isa = PBXBuildFile; fileRef = BA65254E1357F02E00CC22E5 /* SessionsParser.m */; };
		BA6525531357F9C700CC22E5 /* CategoriesViewController.m in Sources */ = {isa = PBXBuildFile; fileRef = BA6525521357F9C700CC22E5 /* CategoriesViewController.m */; };
		BA6525551357FA2700CC22E5 /* CategoriesView.xib in Resources */ = {isa = PBXBuildFile; fileRef = BA6525541357FA2700CC22E5 /* CategoriesView.xib */; };
		BA7D50BA13650714007074D9 /* 11-clock.png in Resources */ = {isa = PBXBuildFile; fileRef = BA7D50B213650714007074D9 /* 11-clock.png */; };
		BA7D50BB13650714007074D9 /* 11-clock@2x.png in Resources */ = {isa = PBXBuildFile; fileRef = BA7D50B313650714007074D9 /* 11-clock@2x.png */; };
		BA7D50BC13650714007074D9 /* 44-shoebox.png in Resources */ = {isa = PBXBuildFile; fileRef = BA7D50B413650714007074D9 /* 44-shoebox.png */; };
		BA7D50BD13650714007074D9 /* 44-shoebox@2x.png in Resources */ = {isa = PBXBuildFile; fileRef = BA7D50B513650714007074D9 /* 44-shoebox@2x.png */; };
		BA7D50BE13650714007074D9 /* 59-info.png in Resources */ = {isa = PBXBuildFile; fileRef = BA7D50B613650714007074D9 /* 59-info.png */; };
		BA7D50BF13650714007074D9 /* 59-info@2x.png in Resources */ = {isa = PBXBuildFile; fileRef = BA7D50B713650714007074D9 /* 59-info@2x.png */; };
		BA7D50C013650714007074D9 /* 103-map.png in Resources */ = {isa = PBXBuildFile; fileRef = BA7D50B813650714007074D9 /* 103-map.png */; };
		BA7D50C113650714007074D9 /* 103-map@2x.png in Resources */ = {isa = PBXBuildFile; fileRef = BA7D50B913650714007074D9 /* 103-map@2x.png */; };
		BA7D50D013652AC5007074D9 /* Default.png in Resources */ = {isa = PBXBuildFile; fileRef = BA7D50CE13652AC5007074D9 /* Default.png */; };
		BA7D50D113652AC5007074D9 /* Default@2x.png in Resources */ = {isa = PBXBuildFile; fileRef = BA7D50CF13652AC5007074D9 /* Default@2x.png */; };
		BA80332613644DC6008C1F73 /* Location.m in Sources */ = {isa = PBXBuildFile; fileRef = BA80332513644DC6008C1F73 /* Location.m */; };
		BA80332A13644DEF008C1F73 /* MapViewController.m in Sources */ = {isa = PBXBuildFile; fileRef = BA80332913644DEF008C1F73 /* MapViewController.m */; };
		BA80332C13644E13008C1F73 /* MapView.xib in Resources */ = {isa = PBXBuildFile; fileRef = BA80332B13644E13008C1F73 /* MapView.xib */; };
		BA80332E13644F27008C1F73 /* MapKit.framework in Frameworks */ = {isa = PBXBuildFile; fileRef = BA80332D13644F27008C1F73 /* MapKit.framework */; };
		BA8033371364553A008C1F73 /* LocationsParser.m in Sources */ = {isa = PBXBuildFile; fileRef = BA8033361364553A008C1F73 /* LocationsParser.m */; };
		BA8033401364C772008C1F73 /* AboutViewController.m in Sources */ = {isa = PBXBuildFile; fileRef = BA80333F1364C772008C1F73 /* AboutViewController.m */; };
		BA8033421364C793008C1F73 /* AboutView.xib in Resources */ = {isa = PBXBuildFile; fileRef = BA8033411364C793008C1F73 /* AboutView.xib */; };
		BA856F56135607E8009A9C93 /* SessionViewController.m in Sources */ = {isa = PBXBuildFile; fileRef = BA856F55135607E8009A9C93 /* SessionViewController.m */; };
		BA856F59135608D3009A9C93 /* SessionView.xib in Resources */ = {isa = PBXBuildFile; fileRef = BA856F58135608D3009A9C93 /* SessionView.xib */; };
		BA856F5C135615A5009A9C93 /* Speaker.m in Sources */ = {isa = PBXBuildFile; fileRef = BA856F5B135615A5009A9C93 /* Speaker.m */; };
		BA856F5F13561724009A9C93 /* SpeakersParser.m in Sources */ = {isa = PBXBuildFile; fileRef = BA856F5E13561724009A9C93 /* SpeakersParser.m */; };
		BA8BCFBB1369275A00136F7F /* iCodeStockBackgroundAbout.png in Resources */ = {isa = PBXBuildFile; fileRef = BA8BCFB91369275A00136F7F /* iCodeStockBackgroundAbout.png */; };
		BA8BCFBC1369275A00136F7F /* iCodeStockBackgroundAbout@2x.png in Resources */ = {isa = PBXBuildFile; fileRef = BA8BCFBA1369275A00136F7F /* iCodeStockBackgroundAbout@2x.png */; };
		BA93A2BF135FB8AC003EEDB1 /* OrderedDictionary.m in Sources */ = {isa = PBXBuildFile; fileRef = BA93A2BE135FB8AC003EEDB1 /* OrderedDictionary.m */; };
		BA94799E1367C024008FB114 /* iCodeStockBackground@2x.png in Resources */ = {isa = PBXBuildFile; fileRef = BA94799D1367C024008FB114 /* iCodeStockBackground@2x.png */; };
		BA994FE1136BC8B60013C9C6 /* Icon-Small@2x.png in Resources */ = {isa = PBXBuildFile; fileRef = BA994FDD136BC8B60013C9C6 /* Icon-Small@2x.png */; };
		BA994FE2136BC8B60013C9C6 /* Icon-Small.png in Resources */ = {isa = PBXBuildFile; fileRef = BA994FDE136BC8B60013C9C6 /* Icon-Small.png */; };
		BA994FE6136BC8FC0013C9C6 /* Icon.png in Resources */ = {isa = PBXBuildFile; fileRef = BA994FE5136BC8FC0013C9C6 /* Icon.png */; };
		BA994FE8136BC93F0013C9C6 /* Icon@2x.png in Resources */ = {isa = PBXBuildFile; fileRef = BA994FE7136BC93F0013C9C6 /* Icon@2x.png */; };
		BAA5E9C4135D11B5005BC612 /* Constants.m in Sources */ = {isa = PBXBuildFile; fileRef = BAA5E9C3135D11B5005BC612 /* Constants.m */; };
		BAAAAA2113668296007BB5A4 /* iCodeStockAbout.png in Resources */ = {isa = PBXBuildFile; fileRef = BAAAAA2013668296007BB5A4 /* iCodeStockAbout.png */; };
		BAAAAA24136684C4007BB5A4 /* iCodeStockAbout@2x.png in Resources */ = {isa = PBXBuildFile; fileRef = BAAAAA23136684C4007BB5A4 /* iCodeStockAbout@2x.png */; };
		BAAB41FC1362785E00EA32DA /* Reachability.m in Sources */ = {isa = PBXBuildFile; fileRef = BAAB41FB1362785E00EA32DA /* Reachability.m */; };
		BAAB41FF136278C200EA32DA /* SystemConfiguration.framework in Frameworks */ = {isa = PBXBuildFile; fileRef = BAAB41FE136278C200EA32DA /* SystemConfiguration.framework */; };
		BAB508E31356879A00324181 /* SpeakerViewController.m in Sources */ = {isa = PBXBuildFile; fileRef = BAB508E21356879A00324181 /* SpeakerViewController.m */; };
		BAB508E6135687BF00324181 /* SpeakerView.xib in Resources */ = {isa = PBXBuildFile; fileRef = BAB508E5135687BF00324181 /* SpeakerView.xib */; };
		BAC1DD421355E4BB00705C9F /* UIKit.framework in Frameworks */ = {isa = PBXBuildFile; fileRef = BAC1DD411355E4BB00705C9F /* UIKit.framework */; };
		BAC1DD441355E4BB00705C9F /* Foundation.framework in Frameworks */ = {isa = PBXBuildFile; fileRef = BAC1DD431355E4BB00705C9F /* Foundation.framework */; };
		BAC1DD461355E4BB00705C9F /* CoreGraphics.framework in Frameworks */ = {isa = PBXBuildFile; fileRef = BAC1DD451355E4BB00705C9F /* CoreGraphics.framework */; };
		BAC1DD4C1355E4BB00705C9F /* InfoPlist.strings in Resources */ = {isa = PBXBuildFile; fileRef = BAC1DD4A1355E4BB00705C9F /* InfoPlist.strings */; };
		BAC1DD4F1355E4BB00705C9F /* main.m in Sources */ = {isa = PBXBuildFile; fileRef = BAC1DD4E1355E4BB00705C9F /* main.m */; };
		BAC1DD521355E4BB00705C9F /* CodeStockAppDelegate.m in Sources */ = {isa = PBXBuildFile; fileRef = BAC1DD511355E4BB00705C9F /* CodeStockAppDelegate.m */; };
		BAC1DD551355E4BC00705C9F /* MainWindow.xib in Resources */ = {isa = PBXBuildFile; fileRef = BAC1DD531355E4BC00705C9F /* MainWindow.xib */; };
		BAC1DD581355E4BC00705C9F /* SessionListViewController.m in Sources */ = {isa = PBXBuildFile; fileRef = BAC1DD571355E4BC00705C9F /* SessionListViewController.m */; };
		BAC1DD5B1355E4BC00705C9F /* StartTimesViewController.m in Sources */ = {isa = PBXBuildFile; fileRef = BAC1DD5A1355E4BC00705C9F /* StartTimesViewController.m */; };
		BAC1DD5E1355E4BC00705C9F /* SessionListView.xib in Resources */ = {isa = PBXBuildFile; fileRef = BAC1DD5C1355E4BC00705C9F /* SessionListView.xib */; };
		BAC1DD611355E4BC00705C9F /* StartTimesView.xib in Resources */ = {isa = PBXBuildFile; fileRef = BAC1DD5F1355E4BC00705C9F /* StartTimesView.xib */; };
		BAC1DD6A1355E52700705C9F /* Session.m in Sources */ = {isa = PBXBuildFile; fileRef = BAC1DD691355E52700705C9F /* Session.m */; };
/* End PBXBuildFile section */

/* Begin PBXFileReference section */
		BA61DDE41365F1BC0092CBE9 /* iCodeStockBackground.png */ = {isa = PBXFileReference; lastKnownFileType = image.png; path = iCodeStockBackground.png; sourceTree = "<group>"; };
		BA65254D1357F02E00CC22E5 /* SessionsParser.h */ = {isa = PBXFileReference; fileEncoding = 4; lastKnownFileType = sourcecode.c.h; lineEnding = 0; path = SessionsParser.h; sourceTree = "<group>"; xcLanguageSpecificationIdentifier = xcode.lang.objcpp; };
		BA65254E1357F02E00CC22E5 /* SessionsParser.m */ = {isa = PBXFileReference; fileEncoding = 4; lastKnownFileType = sourcecode.c.objc; lineEnding = 0; path = SessionsParser.m; sourceTree = "<group>"; xcLanguageSpecificationIdentifier = xcode.lang.objc; };
		BA6525511357F9C700CC22E5 /* CategoriesViewController.h */ = {isa = PBXFileReference; fileEncoding = 4; lastKnownFileType = sourcecode.c.h; lineEnding = 0; path = CategoriesViewController.h; sourceTree = "<group>"; xcLanguageSpecificationIdentifier = xcode.lang.objcpp; };
		BA6525521357F9C700CC22E5 /* CategoriesViewController.m */ = {isa = PBXFileReference; fileEncoding = 4; lastKnownFileType = sourcecode.c.objc; lineEnding = 0; path = CategoriesViewController.m; sourceTree = "<group>"; xcLanguageSpecificationIdentifier = xcode.lang.objc; };
		BA6525541357FA2700CC22E5 /* CategoriesView.xib */ = {isa = PBXFileReference; fileEncoding = 4; lastKnownFileType = file.xib; path = CategoriesView.xib; sourceTree = "<group>"; };
		BA7D50B213650714007074D9 /* 11-clock.png */ = {isa = PBXFileReference; lastKnownFileType = image.png; path = "11-clock.png"; sourceTree = "<group>"; };
		BA7D50B313650714007074D9 /* 11-clock@2x.png */ = {isa = PBXFileReference; lastKnownFileType = image.png; path = "11-clock@2x.png"; sourceTree = "<group>"; };
		BA7D50B413650714007074D9 /* 44-shoebox.png */ = {isa = PBXFileReference; lastKnownFileType = image.png; path = "44-shoebox.png"; sourceTree = "<group>"; };
		BA7D50B513650714007074D9 /* 44-shoebox@2x.png */ = {isa = PBXFileReference; lastKnownFileType = image.png; path = "44-shoebox@2x.png"; sourceTree = "<group>"; };
		BA7D50B613650714007074D9 /* 59-info.png */ = {isa = PBXFileReference; lastKnownFileType = image.png; path = "59-info.png"; sourceTree = "<group>"; };
		BA7D50B713650714007074D9 /* 59-info@2x.png */ = {isa = PBXFileReference; lastKnownFileType = image.png; path = "59-info@2x.png"; sourceTree = "<group>"; };
		BA7D50B813650714007074D9 /* 103-map.png */ = {isa = PBXFileReference; lastKnownFileType = image.png; path = "103-map.png"; sourceTree = "<group>"; };
		BA7D50B913650714007074D9 /* 103-map@2x.png */ = {isa = PBXFileReference; lastKnownFileType = image.png; path = "103-map@2x.png"; sourceTree = "<group>"; };
		BA7D50CE13652AC5007074D9 /* Default.png */ = {isa = PBXFileReference; lastKnownFileType = image.png; path = Default.png; sourceTree = "<group>"; };
		BA7D50CF13652AC5007074D9 /* Default@2x.png */ = {isa = PBXFileReference; lastKnownFileType = image.png; path = "Default@2x.png"; sourceTree = "<group>"; };
		BA80332413644DC6008C1F73 /* Location.h */ = {isa = PBXFileReference; fileEncoding = 4; lastKnownFileType = sourcecode.c.h; lineEnding = 0; path = Location.h; sourceTree = "<group>"; xcLanguageSpecificationIdentifier = xcode.lang.objcpp; };
		BA80332513644DC6008C1F73 /* Location.m */ = {isa = PBXFileReference; fileEncoding = 4; lastKnownFileType = sourcecode.c.objc; lineEnding = 0; path = Location.m; sourceTree = "<group>"; xcLanguageSpecificationIdentifier = xcode.lang.objc; };
		BA80332813644DEF008C1F73 /* MapViewController.h */ = {isa = PBXFileReference; fileEncoding = 4; lastKnownFileType = sourcecode.c.h; lineEnding = 0; path = MapViewController.h; sourceTree = "<group>"; xcLanguageSpecificationIdentifier = xcode.lang.objcpp; };
		BA80332913644DEF008C1F73 /* MapViewController.m */ = {isa = PBXFileReference; fileEncoding = 4; lastKnownFileType = sourcecode.c.objc; lineEnding = 0; path = MapViewController.m; sourceTree = "<group>"; xcLanguageSpecificationIdentifier = xcode.lang.objc; };
		BA80332B13644E13008C1F73 /* MapView.xib */ = {isa = PBXFileReference; fileEncoding = 4; lastKnownFileType = file.xib; path = MapView.xib; sourceTree = "<group>"; };
		BA80332D13644F27008C1F73 /* MapKit.framework */ = {isa = PBXFileReference; lastKnownFileType = wrapper.framework; name = MapKit.framework; path = System/Library/Frameworks/MapKit.framework; sourceTree = SDKROOT; };
		BA8033351364553A008C1F73 /* LocationsParser.h */ = {isa = PBXFileReference; fileEncoding = 4; lastKnownFileType = sourcecode.c.h; lineEnding = 0; path = LocationsParser.h; sourceTree = "<group>"; xcLanguageSpecificationIdentifier = xcode.lang.objcpp; };
		BA8033361364553A008C1F73 /* LocationsParser.m */ = {isa = PBXFileReference; fileEncoding = 4; lastKnownFileType = sourcecode.c.objc; lineEnding = 0; path = LocationsParser.m; sourceTree = "<group>"; xcLanguageSpecificationIdentifier = xcode.lang.objc; };
		BA80333E1364C772008C1F73 /* AboutViewController.h */ = {isa = PBXFileReference; fileEncoding = 4; lastKnownFileType = sourcecode.c.h; lineEnding = 0; path = AboutViewController.h; sourceTree = "<group>"; xcLanguageSpecificationIdentifier = xcode.lang.objcpp; };
		BA80333F1364C772008C1F73 /* AboutViewController.m */ = {isa = PBXFileReference; fileEncoding = 4; lastKnownFileType = sourcecode.c.objc; lineEnding = 0; path = AboutViewController.m; sourceTree = "<group>"; xcLanguageSpecificationIdentifier = xcode.lang.objc; };
		BA8033411364C793008C1F73 /* AboutView.xib */ = {isa = PBXFileReference; fileEncoding = 4; lastKnownFileType = file.xib; path = AboutView.xib; sourceTree = "<group>"; };
		BA856F54135607E8009A9C93 /* SessionViewController.h */ = {isa = PBXFileReference; fileEncoding = 4; lastKnownFileType = sourcecode.c.h; lineEnding = 0; path = SessionViewController.h; sourceTree = "<group>"; xcLanguageSpecificationIdentifier = xcode.lang.objcpp; };
		BA856F55135607E8009A9C93 /* SessionViewController.m */ = {isa = PBXFileReference; fileEncoding = 4; lastKnownFileType = sourcecode.c.objc; lineEnding = 0; path = SessionViewController.m; sourceTree = "<group>"; xcLanguageSpecificationIdentifier = xcode.lang.objc; };
		BA856F58135608D3009A9C93 /* SessionView.xib */ = {isa = PBXFileReference; fileEncoding = 4; lastKnownFileType = file.xib; path = SessionView.xib; sourceTree = "<group>"; };
		BA856F5A135615A5009A9C93 /* Speaker.h */ = {isa = PBXFileReference; fileEncoding = 4; lastKnownFileType = sourcecode.c.h; lineEnding = 0; path = Speaker.h; sourceTree = "<group>"; xcLanguageSpecificationIdentifier = xcode.lang.objcpp; };
		BA856F5B135615A5009A9C93 /* Speaker.m */ = {isa = PBXFileReference; fileEncoding = 4; lastKnownFileType = sourcecode.c.objc; lineEnding = 0; path = Speaker.m; sourceTree = "<group>"; xcLanguageSpecificationIdentifier = xcode.lang.objc; };
		BA856F5D13561724009A9C93 /* SpeakersParser.h */ = {isa = PBXFileReference; fileEncoding = 4; lastKnownFileType = sourcecode.c.h; lineEnding = 0; path = SpeakersParser.h; sourceTree = "<group>"; xcLanguageSpecificationIdentifier = xcode.lang.objcpp; };
		BA856F5E13561724009A9C93 /* SpeakersParser.m */ = {isa = PBXFileReference; fileEncoding = 4; lastKnownFileType = sourcecode.c.objc; lineEnding = 0; path = SpeakersParser.m; sourceTree = "<group>"; xcLanguageSpecificationIdentifier = xcode.lang.objc; };
		BA8BCFB91369275A00136F7F /* iCodeStockBackgroundAbout.png */ = {isa = PBXFileReference; lastKnownFileType = image.png; path = iCodeStockBackgroundAbout.png; sourceTree = "<group>"; };
		BA8BCFBA1369275A00136F7F /* iCodeStockBackgroundAbout@2x.png */ = {isa = PBXFileReference; lastKnownFileType = image.png; path = "iCodeStockBackgroundAbout@2x.png"; sourceTree = "<group>"; };
		BA93A2BD135FB8AC003EEDB1 /* OrderedDictionary.h */ = {isa = PBXFileReference; fileEncoding = 4; lastKnownFileType = sourcecode.c.h; path = OrderedDictionary.h; sourceTree = "<group>"; };
		BA93A2BE135FB8AC003EEDB1 /* OrderedDictionary.m */ = {isa = PBXFileReference; fileEncoding = 4; lastKnownFileType = sourcecode.c.objc; path = OrderedDictionary.m; sourceTree = "<group>"; };
		BA94799D1367C024008FB114 /* iCodeStockBackground@2x.png */ = {isa = PBXFileReference; lastKnownFileType = image.png; path = "iCodeStockBackground@2x.png"; sourceTree = "<group>"; };
		BA994FDD136BC8B60013C9C6 /* Icon-Small@2x.png */ = {isa = PBXFileReference; lastKnownFileType = image.png; path = "Icon-Small@2x.png"; sourceTree = "<group>"; };
		BA994FDE136BC8B60013C9C6 /* Icon-Small.png */ = {isa = PBXFileReference; lastKnownFileType = image.png; path = "Icon-Small.png"; sourceTree = "<group>"; };
		BA994FE5136BC8FC0013C9C6 /* Icon.png */ = {isa = PBXFileReference; lastKnownFileType = image.png; name = Icon.png; path = ../Icon.png; sourceTree = "<group>"; };
		BA994FE7136BC93F0013C9C6 /* Icon@2x.png */ = {isa = PBXFileReference; lastKnownFileType = image.png; name = "Icon@2x.png"; path = "../Icon@2x.png"; sourceTree = "<group>"; };
		BAA5E9C1135D11A8005BC612 /* Constants.h */ = {isa = PBXFileReference; fileEncoding = 4; lastKnownFileType = sourcecode.c.h; path = Constants.h; sourceTree = "<group>"; };
		BAA5E9C3135D11B5005BC612 /* Constants.m */ = {isa = PBXFileReference; fileEncoding = 4; lastKnownFileType = sourcecode.c.objc; path = Constants.m; sourceTree = "<group>"; };
		BAAAAA2013668296007BB5A4 /* iCodeStockAbout.png */ = {isa = PBXFileReference; lastKnownFileType = image.png; path = iCodeStockAbout.png; sourceTree = "<group>"; };
		BAAAAA23136684C4007BB5A4 /* iCodeStockAbout@2x.png */ = {isa = PBXFileReference; lastKnownFileType = image.png; path = "iCodeStockAbout@2x.png"; sourceTree = "<group>"; };
		BAAB41FA1362785E00EA32DA /* Reachability.h */ = {isa = PBXFileReference; fileEncoding = 4; lastKnownFileType = sourcecode.c.h; path = Reachability.h; sourceTree = "<group>"; };
		BAAB41FB1362785E00EA32DA /* Reachability.m */ = {isa = PBXFileReference; fileEncoding = 4; lastKnownFileType = sourcecode.c.objc; path = Reachability.m; sourceTree = "<group>"; };
		BAAB41FE136278C200EA32DA /* SystemConfiguration.framework */ = {isa = PBXFileReference; lastKnownFileType = wrapper.framework; name = SystemConfiguration.framework; path = System/Library/Frameworks/SystemConfiguration.framework; sourceTree = SDKROOT; };
		BAB508E11356879A00324181 /* SpeakerViewController.h */ = {isa = PBXFileReference; fileEncoding = 4; lastKnownFileType = sourcecode.c.h; lineEnding = 0; path = SpeakerViewController.h; sourceTree = "<group>"; xcLanguageSpecificationIdentifier = xcode.lang.objcpp; };
		BAB508E21356879A00324181 /* SpeakerViewController.m */ = {isa = PBXFileReference; fileEncoding = 4; lastKnownFileType = sourcecode.c.objc; lineEnding = 0; path = SpeakerViewController.m; sourceTree = "<group>"; xcLanguageSpecificationIdentifier = xcode.lang.objc; };
		BAB508E5135687BF00324181 /* SpeakerView.xib */ = {isa = PBXFileReference; fileEncoding = 4; lastKnownFileType = file.xib; path = SpeakerView.xib; sourceTree = "<group>"; };
		BAC1DD3D1355E4BB00705C9F /* iCodeStock.app */ = {isa = PBXFileReference; explicitFileType = wrapper.application; includeInIndex = 0; path = iCodeStock.app; sourceTree = BUILT_PRODUCTS_DIR; };
		BAC1DD411355E4BB00705C9F /* UIKit.framework */ = {isa = PBXFileReference; lastKnownFileType = wrapper.framework; name = UIKit.framework; path = System/Library/Frameworks/UIKit.framework; sourceTree = SDKROOT; };
		BAC1DD431355E4BB00705C9F /* Foundation.framework */ = {isa = PBXFileReference; lastKnownFileType = wrapper.framework; name = Foundation.framework; path = System/Library/Frameworks/Foundation.framework; sourceTree = SDKROOT; };
		BAC1DD451355E4BB00705C9F /* CoreGraphics.framework */ = {isa = PBXFileReference; lastKnownFileType = wrapper.framework; name = CoreGraphics.framework; path = System/Library/Frameworks/CoreGraphics.framework; sourceTree = SDKROOT; };
		BAC1DD491355E4BB00705C9F /* CodeStock-Info.plist */ = {isa = PBXFileReference; lastKnownFileType = text.plist.xml; path = "CodeStock-Info.plist"; sourceTree = "<group>"; };
		BAC1DD4B1355E4BB00705C9F /* en */ = {isa = PBXFileReference; lastKnownFileType = text.plist.strings; name = en; path = en.lproj/InfoPlist.strings; sourceTree = "<group>"; };
		BAC1DD4D1355E4BB00705C9F /* CodeStock-Prefix.pch */ = {isa = PBXFileReference; lastKnownFileType = sourcecode.c.h; path = "CodeStock-Prefix.pch"; sourceTree = "<group>"; };
		BAC1DD4E1355E4BB00705C9F /* main.m */ = {isa = PBXFileReference; lastKnownFileType = sourcecode.c.objc; lineEnding = 0; path = main.m; sourceTree = "<group>"; xcLanguageSpecificationIdentifier = xcode.lang.objc; };
		BAC1DD501355E4BB00705C9F /* CodeStockAppDelegate.h */ = {isa = PBXFileReference; lastKnownFileType = sourcecode.c.h; lineEnding = 0; path = CodeStockAppDelegate.h; sourceTree = "<group>"; xcLanguageSpecificationIdentifier = xcode.lang.objcpp; };
		BAC1DD511355E4BB00705C9F /* CodeStockAppDelegate.m */ = {isa = PBXFileReference; lastKnownFileType = sourcecode.c.objc; lineEnding = 0; path = CodeStockAppDelegate.m; sourceTree = "<group>"; xcLanguageSpecificationIdentifier = xcode.lang.objc; };
		BAC1DD541355E4BC00705C9F /* en */ = {isa = PBXFileReference; lastKnownFileType = file.xib; name = en; path = en.lproj/MainWindow.xib; sourceTree = "<group>"; };
		BAC1DD561355E4BC00705C9F /* SessionListViewController.h */ = {isa = PBXFileReference; lastKnownFileType = sourcecode.c.h; lineEnding = 0; path = SessionListViewController.h; sourceTree = "<group>"; xcLanguageSpecificationIdentifier = xcode.lang.objcpp; };
		BAC1DD571355E4BC00705C9F /* SessionListViewController.m */ = {isa = PBXFileReference; lastKnownFileType = sourcecode.c.objc; lineEnding = 0; path = SessionListViewController.m; sourceTree = "<group>"; xcLanguageSpecificationIdentifier = xcode.lang.objc; };
		BAC1DD591355E4BC00705C9F /* StartTimesViewController.h */ = {isa = PBXFileReference; lastKnownFileType = sourcecode.c.h; lineEnding = 0; path = StartTimesViewController.h; sourceTree = "<group>"; xcLanguageSpecificationIdentifier = xcode.lang.objcpp; };
		BAC1DD5A1355E4BC00705C9F /* StartTimesViewController.m */ = {isa = PBXFileReference; lastKnownFileType = sourcecode.c.objc; lineEnding = 0; path = StartTimesViewController.m; sourceTree = "<group>"; xcLanguageSpecificationIdentifier = xcode.lang.objc; };
		BAC1DD5D1355E4BC00705C9F /* en */ = {isa = PBXFileReference; lastKnownFileType = file.xib; name = en; path = en.lproj/SessionListView.xib; sourceTree = "<group>"; };
		BAC1DD601355E4BC00705C9F /* en */ = {isa = PBXFileReference; lastKnownFileType = file.xib; name = en; path = en.lproj/StartTimesView.xib; sourceTree = "<group>"; };
		BAC1DD681355E52700705C9F /* Session.h */ = {isa = PBXFileReference; fileEncoding = 4; lastKnownFileType = sourcecode.c.h; lineEnding = 0; path = Session.h; sourceTree = "<group>"; xcLanguageSpecificationIdentifier = xcode.lang.objcpp; };
		BAC1DD691355E52700705C9F /* Session.m */ = {isa = PBXFileReference; fileEncoding = 4; lastKnownFileType = sourcecode.c.objc; lineEnding = 0; path = Session.m; sourceTree = "<group>"; xcLanguageSpecificationIdentifier = xcode.lang.objc; };
/* End PBXFileReference section */

/* Begin PBXFrameworksBuildPhase section */
		BAC1DD3A1355E4BB00705C9F /* Frameworks */ = {
			isa = PBXFrameworksBuildPhase;
			buildActionMask = 2147483647;
			files = (
				BA80332E13644F27008C1F73 /* MapKit.framework in Frameworks */,
				BAAB41FF136278C200EA32DA /* SystemConfiguration.framework in Frameworks */,
				BAC1DD421355E4BB00705C9F /* UIKit.framework in Frameworks */,
				BAC1DD441355E4BB00705C9F /* Foundation.framework in Frameworks */,
				BAC1DD461355E4BB00705C9F /* CoreGraphics.framework in Frameworks */,
			);
			runOnlyForDeploymentPostprocessing = 0;
		};
/* End PBXFrameworksBuildPhase section */

/* Begin PBXGroup section */
		BA7D50B1136506FD007074D9 /* Images */ = {
			isa = PBXGroup;
			children = (
				BA994FE7136BC93F0013C9C6 /* Icon@2x.png */,
				BA994FE5136BC8FC0013C9C6 /* Icon.png */,
				BA994FDD136BC8B60013C9C6 /* Icon-Small@2x.png */,
				BA994FDE136BC8B60013C9C6 /* Icon-Small.png */,
				BA8BCFB91369275A00136F7F /* iCodeStockBackgroundAbout.png */,
				BA8BCFBA1369275A00136F7F /* iCodeStockBackgroundAbout@2x.png */,
				BAAAAA2013668296007BB5A4 /* iCodeStockAbout.png */,
				BAAAAA23136684C4007BB5A4 /* iCodeStockAbout@2x.png */,
				BA61DDE41365F1BC0092CBE9 /* iCodeStockBackground.png */,
				BA94799D1367C024008FB114 /* iCodeStockBackground@2x.png */,
				BA7D50CE13652AC5007074D9 /* Default.png */,
				BA7D50CF13652AC5007074D9 /* Default@2x.png */,
				BA7D50B213650714007074D9 /* 11-clock.png */,
				BA7D50B313650714007074D9 /* 11-clock@2x.png */,
				BA7D50B413650714007074D9 /* 44-shoebox.png */,
				BA7D50B513650714007074D9 /* 44-shoebox@2x.png */,
				BA7D50B613650714007074D9 /* 59-info.png */,
				BA7D50B713650714007074D9 /* 59-info@2x.png */,
				BA7D50B813650714007074D9 /* 103-map.png */,
				BA7D50B913650714007074D9 /* 103-map@2x.png */,
			);
			name = Images;
			sourceTree = "<group>";
		};
		BA856F531356077F009A9C93 /* Controllers */ = {
			isa = PBXGroup;
			children = (
				BAC1DD561355E4BC00705C9F /* SessionListViewController.h */,
				BAC1DD571355E4BC00705C9F /* SessionListViewController.m */,
				BAC1DD591355E4BC00705C9F /* StartTimesViewController.h */,
				BAC1DD5A1355E4BC00705C9F /* StartTimesViewController.m */,
				BA856F54135607E8009A9C93 /* SessionViewController.h */,
				BA856F55135607E8009A9C93 /* SessionViewController.m */,
				BAB508E11356879A00324181 /* SpeakerViewController.h */,
				BAB508E21356879A00324181 /* SpeakerViewController.m */,
				BA6525511357F9C700CC22E5 /* CategoriesViewController.h */,
				BA6525521357F9C700CC22E5 /* CategoriesViewController.m */,
				BA80332813644DEF008C1F73 /* MapViewController.h */,
				BA80332913644DEF008C1F73 /* MapViewController.m */,
				BA80333E1364C772008C1F73 /* AboutViewController.h */,
				BA80333F1364C772008C1F73 /* AboutViewController.m */,
			);
			name = Controllers;
			sourceTree = "<group>";
		};
		BA856F5713560873009A9C93 /* Views */ = {
			isa = PBXGroup;
			children = (
				BAC1DD531355E4BC00705C9F /* MainWindow.xib */,
				BAC1DD5C1355E4BC00705C9F /* SessionListView.xib */,
				BAC1DD5F1355E4BC00705C9F /* StartTimesView.xib */,
				BA856F58135608D3009A9C93 /* SessionView.xib */,
				BAB508E5135687BF00324181 /* SpeakerView.xib */,
				BA6525541357FA2700CC22E5 /* CategoriesView.xib */,
				BA80332B13644E13008C1F73 /* MapView.xib */,
				BA8033411364C793008C1F73 /* AboutView.xib */,
			);
			name = Views;
			sourceTree = "<group>";
		};
		BAC1DD321355E4BB00705C9F = {
			isa = PBXGroup;
			children = (
				BAC1DD471355E4BB00705C9F /* CodeStock */,
				BAC1DD401355E4BB00705C9F /* Frameworks */,
				BAC1DD3E1355E4BB00705C9F /* Products */,
			);
			sourceTree = "<group>";
		};
		BAC1DD3E1355E4BB00705C9F /* Products */ = {
			isa = PBXGroup;
			children = (
				BAC1DD3D1355E4BB00705C9F /* iCodeStock.app */,
			);
			name = Products;
			sourceTree = "<group>";
		};
		BAC1DD401355E4BB00705C9F /* Frameworks */ = {
			isa = PBXGroup;
			children = (
				BA80332D13644F27008C1F73 /* MapKit.framework */,
				BAAB41FE136278C200EA32DA /* SystemConfiguration.framework */,
				BAC1DD411355E4BB00705C9F /* UIKit.framework */,
				BAC1DD431355E4BB00705C9F /* Foundation.framework */,
				BAC1DD451355E4BB00705C9F /* CoreGraphics.framework */,
			);
			name = Frameworks;
			sourceTree = "<group>";
		};
		BAC1DD471355E4BB00705C9F /* CodeStock */ = {
			isa = PBXGroup;
			children = (
				BA856F5713560873009A9C93 /* Views */,
				BA856F531356077F009A9C93 /* Controllers */,
				BAC1DD671355E4E300705C9F /* Classes */,
				BAC1DD501355E4BB00705C9F /* CodeStockAppDelegate.h */,
				BAC1DD511355E4BB00705C9F /* CodeStockAppDelegate.m */,
				BAC1DD481355E4BB00705C9F /* Supporting Files */,
			);
			path = CodeStock;
			sourceTree = "<group>";
		};
		BAC1DD481355E4BB00705C9F /* Supporting Files */ = {
			isa = PBXGroup;
			children = (
				BA7D50B1136506FD007074D9 /* Images */,
				BAC1DD491355E4BB00705C9F /* CodeStock-Info.plist */,
				BAC1DD4A1355E4BB00705C9F /* InfoPlist.strings */,
				BAC1DD4D1355E4BB00705C9F /* CodeStock-Prefix.pch */,
				BAC1DD4E1355E4BB00705C9F /* main.m */,
			);
			name = "Supporting Files";
			sourceTree = "<group>";
		};
		BAC1DD671355E4E300705C9F /* Classes */ = {
			isa = PBXGroup;
			children = (
				BAAB41FA1362785E00EA32DA /* Reachability.h */,
				BAAB41FB1362785E00EA32DA /* Reachability.m */,
				BA93A2BD135FB8AC003EEDB1 /* OrderedDictionary.h */,
				BA93A2BE135FB8AC003EEDB1 /* OrderedDictionary.m */,
				BAC1DD681355E52700705C9F /* Session.h */,
				BAC1DD691355E52700705C9F /* Session.m */,
				BA856F5A135615A5009A9C93 /* Speaker.h */,
				BA856F5B135615A5009A9C93 /* Speaker.m */,
				BA856F5D13561724009A9C93 /* SpeakersParser.h */,
				BA856F5E13561724009A9C93 /* SpeakersParser.m */,
				BA65254D1357F02E00CC22E5 /* SessionsParser.h */,
				BA65254E1357F02E00CC22E5 /* SessionsParser.m */,
				BAA5E9C1135D11A8005BC612 /* Constants.h */,
				BAA5E9C3135D11B5005BC612 /* Constants.m */,
				BA80332413644DC6008C1F73 /* Location.h */,
				BA80332513644DC6008C1F73 /* Location.m */,
				BA8033351364553A008C1F73 /* LocationsParser.h */,
				BA8033361364553A008C1F73 /* LocationsParser.m */,
			);
			name = Classes;
			sourceTree = "<group>";
		};
/* End PBXGroup section */

/* Begin PBXNativeTarget section */
		BAC1DD3C1355E4BB00705C9F /* CodeStock */ = {
			isa = PBXNativeTarget;
			buildConfigurationList = BAC1DD641355E4BC00705C9F /* Build configuration list for PBXNativeTarget "CodeStock" */;
			buildPhases = (
				BAC1DD391355E4BB00705C9F /* Sources */,
				BAC1DD3A1355E4BB00705C9F /* Frameworks */,
				BAC1DD3B1355E4BB00705C9F /* Resources */,
			);
			buildRules = (
			);
			dependencies = (
			);
			name = CodeStock;
			productName = CodeStock;
			productReference = BAC1DD3D1355E4BB00705C9F /* iCodeStock.app */;
			productType = "com.apple.product-type.application";
		};
/* End PBXNativeTarget section */

/* Begin PBXProject section */
		BAC1DD341355E4BB00705C9F /* Project object */ = {
			isa = PBXProject;
			attributes = {
				ORGANIZATIONNAME = TeamHealth;
			};
			buildConfigurationList = BAC1DD371355E4BB00705C9F /* Build configuration list for PBXProject "CodeStock" */;
			compatibilityVersion = "Xcode 3.2";
			developmentRegion = English;
			hasScannedForEncodings = 0;
			knownRegions = (
				en,
			);
			mainGroup = BAC1DD321355E4BB00705C9F;
			productRefGroup = BAC1DD3E1355E4BB00705C9F /* Products */;
			projectDirPath = "";
			projectRoot = "";
			targets = (
				BAC1DD3C1355E4BB00705C9F /* CodeStock */,
			);
		};
/* End PBXProject section */

/* Begin PBXResourcesBuildPhase section */
		BAC1DD3B1355E4BB00705C9F /* Resources */ = {
			isa = PBXResourcesBuildPhase;
			buildActionMask = 2147483647;
			files = (
				BAC1DD4C1355E4BB00705C9F /* InfoPlist.strings in Resources */,
				BAC1DD551355E4BC00705C9F /* MainWindow.xib in Resources */,
				BAC1DD5E1355E4BC00705C9F /* SessionListView.xib in Resources */,
				BAC1DD611355E4BC00705C9F /* StartTimesView.xib in Resources */,
				BA856F59135608D3009A9C93 /* SessionView.xib in Resources */,
				BAB508E6135687BF00324181 /* SpeakerView.xib in Resources */,
				BA6525551357FA2700CC22E5 /* CategoriesView.xib in Resources */,
				BA80332C13644E13008C1F73 /* MapView.xib in Resources */,
				BA8033421364C793008C1F73 /* AboutView.xib in Resources */,
				BA7D50BA13650714007074D9 /* 11-clock.png in Resources */,
				BA7D50BB13650714007074D9 /* 11-clock@2x.png in Resources */,
				BA7D50BC13650714007074D9 /* 44-shoebox.png in Resources */,
				BA7D50BD13650714007074D9 /* 44-shoebox@2x.png in Resources */,
				BA7D50BE13650714007074D9 /* 59-info.png in Resources */,
				BA7D50BF13650714007074D9 /* 59-info@2x.png in Resources */,
				BA7D50C013650714007074D9 /* 103-map.png in Resources */,
				BA7D50C113650714007074D9 /* 103-map@2x.png in Resources */,
				BA7D50D013652AC5007074D9 /* Default.png in Resources */,
				BA7D50D113652AC5007074D9 /* Default@2x.png in Resources */,
				BA61DDE51365F1BC0092CBE9 /* iCodeStockBackground.png in Resources */,
				BAAAAA2113668296007BB5A4 /* iCodeStockAbout.png in Resources */,
				BAAAAA24136684C4007BB5A4 /* iCodeStockAbout@2x.png in Resources */,
				BA94799E1367C024008FB114 /* iCodeStockBackground@2x.png in Resources */,
				BA8BCFBB1369275A00136F7F /* iCodeStockBackgroundAbout.png in Resources */,
				BA8BCFBC1369275A00136F7F /* iCodeStockBackgroundAbout@2x.png in Resources */,
				BA994FE1136BC8B60013C9C6 /* Icon-Small@2x.png in Resources */,
				BA994FE2136BC8B60013C9C6 /* Icon-Small.png in Resources */,
				BA994FE6136BC8FC0013C9C6 /* Icon.png in Resources */,
				BA994FE8136BC93F0013C9C6 /* Icon@2x.png in Resources */,
			);
			runOnlyForDeploymentPostprocessing = 0;
		};
/* End PBXResourcesBuildPhase section */

/* Begin PBXSourcesBuildPhase section */
		BAC1DD391355E4BB00705C9F /* Sources */ = {
			isa = PBXSourcesBuildPhase;
			buildActionMask = 2147483647;
			files = (
				BAC1DD4F1355E4BB00705C9F /* main.m in Sources */,
				BAC1DD521355E4BB00705C9F /* CodeStockAppDelegate.m in Sources */,
				BAC1DD581355E4BC00705C9F /* SessionListViewController.m in Sources */,
				BAC1DD5B1355E4BC00705C9F /* StartTimesViewController.m in Sources */,
				BAC1DD6A1355E52700705C9F /* Session.m in Sources */,
				BA856F56135607E8009A9C93 /* SessionViewController.m in Sources */,
				BA856F5C135615A5009A9C93 /* Speaker.m in Sources */,
				BA856F5F13561724009A9C93 /* SpeakersParser.m in Sources */,
				BAB508E31356879A00324181 /* SpeakerViewController.m in Sources */,
				BA65254F1357F02E00CC22E5 /* SessionsParser.m in Sources */,
				BA6525531357F9C700CC22E5 /* CategoriesViewController.m in Sources */,
				BAA5E9C4135D11B5005BC612 /* Constants.m in Sources */,
				BA93A2BF135FB8AC003EEDB1 /* OrderedDictionary.m in Sources */,
				BAAB41FC1362785E00EA32DA /* Reachability.m in Sources */,
				BA80332613644DC6008C1F73 /* Location.m in Sources */,
				BA80332A13644DEF008C1F73 /* MapViewController.m in Sources */,
				BA8033371364553A008C1F73 /* LocationsParser.m in Sources */,
				BA8033401364C772008C1F73 /* AboutViewController.m in Sources */,
			);
			runOnlyForDeploymentPostprocessing = 0;
		};
/* End PBXSourcesBuildPhase section */

/* Begin PBXVariantGroup section */
		BAC1DD4A1355E4BB00705C9F /* InfoPlist.strings */ = {
			isa = PBXVariantGroup;
			children = (
				BAC1DD4B1355E4BB00705C9F /* en */,
			);
			name = InfoPlist.strings;
			sourceTree = "<group>";
		};
		BAC1DD531355E4BC00705C9F /* MainWindow.xib */ = {
			isa = PBXVariantGroup;
			children = (
				BAC1DD541355E4BC00705C9F /* en */,
			);
			name = MainWindow.xib;
			sourceTree = "<group>";
		};
		BAC1DD5C1355E4BC00705C9F /* SessionListView.xib */ = {
			isa = PBXVariantGroup;
			children = (
				BAC1DD5D1355E4BC00705C9F /* en */,
			);
			name = SessionListView.xib;
			sourceTree = "<group>";
		};
		BAC1DD5F1355E4BC00705C9F /* StartTimesView.xib */ = {
			isa = PBXVariantGroup;
			children = (
				BAC1DD601355E4BC00705C9F /* en */,
			);
			name = StartTimesView.xib;
			sourceTree = "<group>";
		};
/* End PBXVariantGroup section */

/* Begin XCBuildConfiguration section */
		BAC1DD621355E4BC00705C9F /* Debug */ = {
			isa = XCBuildConfiguration;
			buildSettings = {
				ARCHS = "$(ARCHS_STANDARD_32_BIT)";
				CODE_SIGN_IDENTITY = "iPhone Distribution: Brice Wilson";
				"CODE_SIGN_IDENTITY[sdk=iphoneos*]" = "iPhone Distribution: Brice Wilson";
				GCC_C_LANGUAGE_STANDARD = gnu99;
				GCC_OPTIMIZATION_LEVEL = 0;
				GCC_PREPROCESSOR_DEFINITIONS = DEBUG;
				GCC_SYMBOLS_PRIVATE_EXTERN = NO;
				GCC_VERSION = com.apple.compilers.llvmgcc42;
				GCC_WARN_ABOUT_RETURN_TYPE = YES;
				GCC_WARN_UNUSED_VARIABLE = YES;
				IPHONEOS_DEPLOYMENT_TARGET = 4.0;
				PROVISIONING_PROFILE = "E56EEBB1-15CD-4D93-ADF0-3EBB7B673E39";
				"PROVISIONING_PROFILE[sdk=iphoneos*]" = "E56EEBB1-15CD-4D93-ADF0-3EBB7B673E39";
				SDKROOT = iphoneos;
			};
			name = Debug;
		};
		BAC1DD631355E4BC00705C9F /* Release */ = {
			isa = XCBuildConfiguration;
			buildSettings = {
				ARCHS = "$(ARCHS_STANDARD_32_BIT)";
				CODE_SIGN_IDENTITY = "iPhone Distribution: Brice Wilson";
				"CODE_SIGN_IDENTITY[sdk=iphoneos*]" = "iPhone Distribution: Brice Wilson";
				GCC_C_LANGUAGE_STANDARD = gnu99;
				"GCC_OPTIMIZATION_LEVEL[arch=*]" = s;
				GCC_VERSION = com.apple.compilers.llvmgcc42;
				GCC_WARN_ABOUT_RETURN_TYPE = YES;
				GCC_WARN_UNUSED_VARIABLE = YES;
				IPHONEOS_DEPLOYMENT_TARGET = 4.0;
				OTHER_CFLAGS = "-DNS_BLOCK_ASSERTIONS=1";
				PROVISIONING_PROFILE = "E56EEBB1-15CD-4D93-ADF0-3EBB7B673E39";
				"PROVISIONING_PROFILE[sdk=iphoneos*]" = "E56EEBB1-15CD-4D93-ADF0-3EBB7B673E39";
				SDKROOT = iphoneos;
			};
			name = Release;
		};
		BAC1DD651355E4BC00705C9F /* Debug */ = {
			isa = XCBuildConfiguration;
			buildSettings = {
				ALWAYS_SEARCH_USER_PATHS = NO;
				CODE_SIGN_IDENTITY = "iPhone Developer: Brice Wilson (U8YH9JLK6V)";
				"CODE_SIGN_IDENTITY[sdk=iphoneos*]" = "iPhone Developer: Brice Wilson (U8YH9JLK6V)";
				COPY_PHASE_STRIP = NO;
				GCC_DYNAMIC_NO_PIC = NO;
				GCC_PRECOMPILE_PREFIX_HEADER = YES;
				GCC_PREFIX_HEADER = "CodeStock/CodeStock-Prefix.pch";
				INFOPLIST_FILE = "CodeStock/CodeStock-Info.plist";
				IPHONEOS_DEPLOYMENT_TARGET = 4.0;
				PRODUCT_NAME = iCodeStock;
				PROVISIONING_PROFILE = "A5F571A9-FADA-49CA-AE4A-803F60561D91";
				"PROVISIONING_PROFILE[sdk=iphoneos*]" = "A5F571A9-FADA-49CA-AE4A-803F60561D91";
				WRAPPER_EXTENSION = app;
			};
			name = Debug;
		};
		BAC1DD661355E4BC00705C9F /* Release */ = {
			isa = XCBuildConfiguration;
			buildSettings = {
				ALWAYS_SEARCH_USER_PATHS = NO;
				CODE_SIGN_IDENTITY = "iPhone Developer: Brice Wilson (U8YH9JLK6V)";
				"CODE_SIGN_IDENTITY[sdk=iphoneos*]" = "iPhone Developer: Brice Wilson (U8YH9JLK6V)";
				COPY_PHASE_STRIP = YES;
				GCC_PRECOMPILE_PREFIX_HEADER = YES;
				GCC_PREFIX_HEADER = "CodeStock/CodeStock-Prefix.pch";
				INFOPLIST_FILE = "CodeStock/CodeStock-Info.plist";
				IPHONEOS_DEPLOYMENT_TARGET = 4.0;
				PRODUCT_NAME = iCodeStock;
				PROVISIONING_PROFILE = "A5F571A9-FADA-49CA-AE4A-803F60561D91";
				"PROVISIONING_PROFILE[sdk=iphoneos*]" = "A5F571A9-FADA-49CA-AE4A-803F60561D91";
				VALIDATE_PRODUCT = YES;
				WRAPPER_EXTENSION = app;
			};
			name = Release;
		};
/* End XCBuildConfiguration section */

/* Begin XCConfigurationList section */
		BAC1DD371355E4BB00705C9F /* Build configuration list for PBXProject "CodeStock" */ = {
			isa = XCConfigurationList;
			buildConfigurations = (
				BAC1DD621355E4BC00705C9F /* Debug */,
				BAC1DD631355E4BC00705C9F /* Release */,
			);
			defaultConfigurationIsVisible = 0;
			defaultConfigurationName = Release;
		};
		BAC1DD641355E4BC00705C9F /* Build configuration list for PBXNativeTarget "CodeStock" */ = {
			isa = XCConfigurationList;
			buildConfigurations = (
				BAC1DD651355E4BC00705C9F /* Debug */,
				BAC1DD661355E4BC00705C9F /* Release */,
			);
			defaultConfigurationIsVisible = 0;
			defaultConfigurationName = Release;
		};
/* End XCConfigurationList section */
	};
	rootObject = BAC1DD341355E4BB00705C9F /* Project object */;
}
